
Microsoft Visual Studio Solution File, Format Version 12.00
# Visual Studio Version 17
VisualStudioVersion = 17.5.002.0
MinimumVisualStudioVersion = 10.0.40219.1
Project("{2150E333-8FDC-42A3-9474-1A3956D46DE8}") = "code", "code", "{A8530742-5F04-4EE1-82B9-7E8D14A984F1}"
EndProject
Project("{9A19103F-16F7-4668-BE54-9A1E7A4F7556}") = "tftwebapi", "tftwebapi.csproj", "{08D60ECA-0F9D-4667-A25B-2FDB9E5C2457}"
EndProject
Global
	GlobalSection(SolutionConfigurationPlatforms) = preSolution
		Debug|Any CPU = Debug|Any CPU
		Release|Any CPU = Release|Any CPU
	EndGlobalSection
	GlobalSection(ProjectConfigurationPlatforms) = postSolution
		{08D60ECA-0F9D-4667-A25B-2FDB9E5C2457}.Debug|Any CPU.ActiveCfg = Debug|Any CPU
		{08D60ECA-0F9D-4667-A25B-2FDB9E5C2457}.Debug|Any CPU.Build.0 = Debug|Any CPU
		{08D60ECA-0F9D-4667-A25B-2FDB9E5C2457}.Release|Any CPU.ActiveCfg = Release|Any CPU
		{08D60ECA-0F9D-4667-A25B-2FDB9E5C2457}.Release|Any CPU.Build.0 = Release|Any CPU
	EndGlobalSection
	GlobalSection(SolutionProperties) = preSolution
		HideSolutionNode = FALSE
	EndGlobalSection
	GlobalSection(NestedProjects) = preSolution
		{08D60ECA-0F9D-4667-A25B-2FDB9E5C2457} = {A8530742-5F04-4EE1-82B9-7E8D14A984F1}
	EndGlobalSection
	GlobalSection(ExtensibilityGlobals) = postSolution
		SolutionGuid = {80A01786-4AC6-4D85-9C5C-4E17EA8DD2CC}
	EndGlobalSection
EndGlobal
